
Microsoft Visual Studio Solution File, Format Version 12.00
# Visual Studio Version 17
VisualStudioVersion = 17.2.32630.192
MinimumVisualStudioVersion = 10.0.40219.1
Project("{9A19103F-16F7-4668-BE54-9A1E7A4F7556}") = "Api", "Api.csproj", "{13BE3B75-786B-4775-B3B0-021937C242A1}"
EndProject
Project("{FAE04EC0-301F-11D3-BF4B-00C04F79EFBC}") = "Api.Tests", "..\Api.Tests\Api.Tests.csproj", "{82C43675-6E74-46C8-A6EA-7A4657BCAECF}"
EndProject
Global
	GlobalSection(SolutionConfigurationPlatforms) = preSolution
		Debug|Any CPU = Debug|Any CPU
		Release|Any CPU = Release|Any CPU
	EndGlobalSection
	GlobalSection(ProjectConfigurationPlatforms) = postSolution
		{13BE3B75-786B-4775-B3B0-021937C242A1}.Debug|Any CPU.ActiveCfg = Debug|Any CPU
		{13BE3B75-786B-4775-B3B0-021937C242A1}.Debug|Any CPU.Build.0 = Debug|Any CPU
		{13BE3B75-786B-4775-B3B0-021937C242A1}.Release|Any CPU.ActiveCfg = Release|Any CPU
		{13BE3B75-786B-4775-B3B0-021937C242A1}.Release|Any CPU.Build.0 = Release|Any CPU
		{82C43675-6E74-46C8-A6EA-7A4657BCAECF}.Debug|Any CPU.ActiveCfg = Debug|Any CPU
		{82C43675-6E74-46C8-A6EA-7A4657BCAECF}.Debug|Any CPU.Build.0 = Debug|Any CPU
		{82C43675-6E74-46C8-A6EA-7A4657BCAECF}.Release|Any CPU.ActiveCfg = Release|Any CPU
		{82C43675-6E74-46C8-A6EA-7A4657BCAECF}.Release|Any CPU.Build.0 = Release|Any CPU
	EndGlobalSection
	GlobalSection(SolutionProperties) = preSolution
		HideSolutionNode = FALSE
	EndGlobalSection
	GlobalSection(ExtensibilityGlobals) = postSolution
		SolutionGuid = {0FADDB31-F61B-46A6-8653-9932F7D1D579}
	EndGlobalSection
EndGlobal
